
Microsoft Visual Studio Solution File, Format Version 12.00
# Visual Studio Version 16
VisualStudioVersion = 16.0.28803.156
MinimumVisualStudioVersion = 15.0.26124.0
Project("{9A19103F-16F7-4668-BE54-9A1E7A4F7556}") = "UnitOfWork", "UnitOfWork\UnitOfWork.csproj", "{C003541B-031D-4FB6-BA81-AEC43FA69390}"
EndProject
Project("{9A19103F-16F7-4668-BE54-9A1E7A4F7556}") = "Application", "Application\Application.csproj", "{0E8D6AF2-D218-478D-BAE7-B09E5A982BC2}"
EndProject
Project("{FAE04EC0-301F-11D3-BF4B-00C04F79EFBC}") = "UnitOfWork.Test", "UnitOfWork.Test\UnitOfWork.Test.csproj", "{1950264A-A3BC-4075-996D-37235A1E461C}"
EndProject
Global
	GlobalSection(SolutionConfigurationPlatforms) = preSolution
		Debug|Any CPU = Debug|Any CPU
		Debug|x64 = Debug|x64
		Debug|x86 = Debug|x86
		Release|Any CPU = Release|Any CPU
		Release|x64 = Release|x64
		Release|x86 = Release|x86
	EndGlobalSection
	GlobalSection(ProjectConfigurationPlatforms) = postSolution
		{C003541B-031D-4FB6-BA81-AEC43FA69390}.Debug|Any CPU.ActiveCfg = Debug|Any CPU
		{C003541B-031D-4FB6-BA81-AEC43FA69390}.Debug|Any CPU.Build.0 = Debug|Any CPU
		{C003541B-031D-4FB6-BA81-AEC43FA69390}.Debug|x64.ActiveCfg = Debug|Any CPU
		{C003541B-031D-4FB6-BA81-AEC43FA69390}.Debug|x64.Build.0 = Debug|Any CPU
		{C003541B-031D-4FB6-BA81-AEC43FA69390}.Debug|x86.ActiveCfg = Debug|Any CPU
		{C003541B-031D-4FB6-BA81-AEC43FA69390}.Debug|x86.Build.0 = Debug|Any CPU
		{C003541B-031D-4FB6-BA81-AEC43FA69390}.Release|Any CPU.ActiveCfg = Release|Any CPU
		{C003541B-031D-4FB6-BA81-AEC43FA69390}.Release|Any CPU.Build.0 = Release|Any CPU
		{C003541B-031D-4FB6-BA81-AEC43FA69390}.Release|x64.ActiveCfg = Release|Any CPU
		{C003541B-031D-4FB6-BA81-AEC43FA69390}.Release|x64.Build.0 = Release|Any CPU
		{C003541B-031D-4FB6-BA81-AEC43FA69390}.Release|x86.ActiveCfg = Release|Any CPU
		{C003541B-031D-4FB6-BA81-AEC43FA69390}.Release|x86.Build.0 = Release|Any CPU
		{0E8D6AF2-D218-478D-BAE7-B09E5A982BC2}.Debug|Any CPU.ActiveCfg = Debug|Any CPU
		{0E8D6AF2-D218-478D-BAE7-B09E5A982BC2}.Debug|Any CPU.Build.0 = Debug|Any CPU
		{0E8D6AF2-D218-478D-BAE7-B09E5A982BC2}.Debug|x64.ActiveCfg = Debug|Any CPU
		{0E8D6AF2-D218-478D-BAE7-B09E5A982BC2}.Debug|x64.Build.0 = Debug|Any CPU
		{0E8D6AF2-D218-478D-BAE7-B09E5A982BC2}.Debug|x86.ActiveCfg = Debug|Any CPU
		{0E8D6AF2-D218-478D-BAE7-B09E5A982BC2}.Debug|x86.Build.0 = Debug|Any CPU
		{0E8D6AF2-D218-478D-BAE7-B09E5A982BC2}.Release|Any CPU.ActiveCfg = Release|Any CPU
		{0E8D6AF2-D218-478D-BAE7-B09E5A982BC2}.Release|Any CPU.Build.0 = Release|Any CPU
		{0E8D6AF2-D218-478D-BAE7-B09E5A982BC2}.Release|x64.ActiveCfg = Release|Any CPU
		{0E8D6AF2-D218-478D-BAE7-B09E5A982BC2}.Release|x64.Build.0 = Release|Any CPU
		{0E8D6AF2-D218-478D-BAE7-B09E5A982BC2}.Release|x86.ActiveCfg = Release|Any CPU
		{0E8D6AF2-D218-478D-BAE7-B09E5A982BC2}.Release|x86.Build.0 = Release|Any CPU
		{1950264A-A3BC-4075-996D-37235A1E461C}.Debug|Any CPU.ActiveCfg = Debug|Any CPU
		{1950264A-A3BC-4075-996D-37235A1E461C}.Debug|Any CPU.Build.0 = Debug|Any CPU
		{1950264A-A3BC-4075-996D-37235A1E461C}.Debug|x64.ActiveCfg = Debug|Any CPU
		{1950264A-A3BC-4075-996D-37235A1E461C}.Debug|x64.Build.0 = Debug|Any CPU
		{1950264A-A3BC-4075-996D-37235A1E461C}.Debug|x86.ActiveCfg = Debug|Any CPU
		{1950264A-A3BC-4075-996D-37235A1E461C}.Debug|x86.Build.0 = Debug|Any CPU
		{1950264A-A3BC-4075-996D-37235A1E461C}.Release|Any CPU.ActiveCfg = Release|Any CPU
		{1950264A-A3BC-4075-996D-37235A1E461C}.Release|Any CPU.Build.0 = Release|Any CPU
		{1950264A-A3BC-4075-996D-37235A1E461C}.Release|x64.ActiveCfg = Release|Any CPU
		{1950264A-A3BC-4075-996D-37235A1E461C}.Release|x64.Build.0 = Release|Any CPU
		{1950264A-A3BC-4075-996D-37235A1E461C}.Release|x86.ActiveCfg = Release|Any CPU
		{1950264A-A3BC-4075-996D-37235A1E461C}.Release|x86.Build.0 = Release|Any CPU
	EndGlobalSection
	GlobalSection(SolutionProperties) = preSolution
		HideSolutionNode = FALSE
	EndGlobalSection
	GlobalSection(ExtensibilityGlobals) = postSolution
		SolutionGuid = {E3077C52-5923-4890-9C7C-7B3F5962026F}
	EndGlobalSection
EndGlobal
